# This file was autogenerated by uv via the following command:
#    uv pip compile requirements-dev.txt --python-version 3.11 --output-file requirements.lock
alembic==1.19.1
    # via -r requirements.txt
annotated-doc==0.0.5
    # via fastapi
annotated-types==0.8.0
    # via pydantic
anyio==4.14.2
    # via
    #   httpx
    #   starlette
    #   watchfiles
ast-serialize==0.8.0
    # via mypy
beautifulsoup4==4.15.0
    # via -r requirements.txt
certifi==2026.7.22
    # via
    #   httpcore
    #   httpx
    #   requests
charset-normalizer==3.5.1
    # via requests
click==8.4.2
    # via uvicorn
cloudpickle==3.1.2
    # via shap
contourpy==1.3.3
    # via matplotlib
cycler==0.12.1
    # via matplotlib
fastapi==0.141.1
    # via -r requirements.txt
fonttools==4.63.0
    # via matplotlib
h11==0.16.0
    # via
    #   httpcore
    #   uvicorn
httpcore==1.0.9
    # via httpx
httptools==0.8.0
    # via uvicorn
httpx==0.28.1
    # via -r requirements.txt
idna==3.19
    # via
    #   anyio
    #   httpx
    #   requests
iniconfig==2.3.0
    # via pytest
joblib==1.5.3
    # via
    #   -r requirements.txt
    #   scikit-learn
kiwisolver==1.5.0
    # via matplotlib
librt==0.15.0
    # via mypy
llvmlite==0.49.0
    # via
    #   numba
    #   shap
loguru==0.7.3
    # via -r requirements.txt
lxml==6.1.2
    # via -r requirements.txt
mako==1.4.1
    # via alembic
markupsafe==3.0.3
    # via mako
matplotlib==3.11.1
    # via -r requirements.txt
mypy==2.3.1
    # via -r requirements-dev.txt
mypy-extensions==1.1.0
    # via mypy
narwhals==2.25.0
    # via scikit-learn
numba==0.67.0
    # via shap
numpy==2.4.6
    # via
    #   -r requirements.txt
    #   contourpy
    #   matplotlib
    #   numba
    #   pandas
    #   patsy
    #   scikit-learn
    #   scipy
    #   shap
    #   statsmodels
    #   xgboost
packaging==26.3
    # via
    #   matplotlib
    #   pytest
    #   shap
    #   statsmodels
pandas==2.3.3
    # via
    #   -r requirements.txt
    #   shap
    #   statsmodels
pathspec==1.1.1
    # via mypy
patsy==1.0.2
    # via statsmodels
pillow==12.3.0
    # via matplotlib
pluggy==1.6.0
    # via pytest
psycopg2-binary==2.9.12
    # via -r requirements.txt
pyarrow==25.0.1
    # via -r requirements.txt
pydantic==2.13.4
    # via
    #   -r requirements.txt
    #   fastapi
    #   pydantic-settings
pydantic-core==2.46.4
    # via pydantic
pydantic-settings==2.15.0
    # via -r requirements.txt
pygments==2.21.0
    # via pytest
pyparsing==3.3.2
    # via matplotlib
pytest==9.1.1
    # via
    #   -r requirements-dev.txt
    #   pytest-asyncio
pytest-asyncio==1.4.0
    # via -r requirements-dev.txt
python-dateutil==2.9.0.post0
    # via
    #   matplotlib
    #   pandas
python-dotenv==1.2.3
    # via
    #   -r requirements.txt
    #   pydantic-settings
    #   uvicorn
pytz==2026.3.post1
    # via pandas
pyyaml==6.0.3
    # via uvicorn
requests==2.34.2
    # via -r requirements.txt
ruff==0.16.4
    # via -r requirements-dev.txt
scikit-learn==1.9.0
    # via
    #   -r requirements.txt
    #   shap
scipy==1.17.1
    # via
    #   -r requirements.txt
    #   scikit-learn
    #   shap
    #   statsmodels
    #   xgboost
shap==0.51.0
    # via -r requirements.txt
six==1.17.0
    # via python-dateutil
slicer==0.0.8
    # via shap
soupsieve==2.9.2
    # via beautifulsoup4
sqlalchemy==2.0.52
    # via
    #   -r requirements.txt
    #   alembic
starlette==1.6.0
    # via fastapi
statsmodels==0.14.6
    # via -r requirements.txt
tenacity==9.1.4
    # via -r requirements.txt
threadpoolctl==3.6.0
    # via scikit-learn
tqdm==4.70.0
    # via shap
typing-extensions==4.16.0
    # via
    #   alembic
    #   anyio
    #   beautifulsoup4
    #   fastapi
    #   mypy
    #   pydantic
    #   pydantic-core
    #   pytest-asyncio
    #   shap
    #   sqlalchemy
    #   starlette
    #   typing-inspection
typing-inspection==0.4.4
    # via
    #   fastapi
    #   pydantic
    #   pydantic-settings
tzdata==2026.3
    # via pandas
urllib3==2.7.0
    # via requests
uvicorn==0.52.4
    # via -r requirements.txt
uvloop==0.22.1
    # via uvicorn
watchfiles==1.2.0
    # via uvicorn
websockets==17.0.1
    # via uvicorn
xgboost==3.2.0
    # via -r requirements.txt
